
Microsoft Visual Studio Solution File, Format Version 12.00
# Visual Studio Version 16
VisualStudioVersion = 16.0.31729.503
MinimumVisualStudioVersion = 10.0.40219.1
Project("{9A19103F-16F7-4668-BE54-9A1E7A4F7556}") = "HelloWorld", "HelloWorld\HelloWorld.csproj", "{8F50BF6D-3A6F-4D02-965E-783D06AB7550}"
EndProject
Project("{FAE04EC0-301F-11D3-BF4B-00C04F79EFBC}") = "WpfApp1", "WpfApp1\WpfApp1.csproj", "{3B817B43-2AEF-43AB-ABEC-819BF45269E4}"
EndProject
Global
	GlobalSection(SolutionConfigurationPlatforms) = preSolution
		Debug|Any CPU = Debug|Any CPU
		Release|Any CPU = Release|Any CPU
	EndGlobalSection
	GlobalSection(ProjectConfigurationPlatforms) = postSolution
		{8F50BF6D-3A6F-4D02-965E-783D06AB7550}.Debug|Any CPU.ActiveCfg = Debug|Any CPU
		{8F50BF6D-3A6F-4D02-965E-783D06AB7550}.Debug|Any CPU.Build.0 = Debug|Any CPU
		{8F50BF6D-3A6F-4D02-965E-783D06AB7550}.Release|Any CPU.ActiveCfg = Release|Any CPU
		{8F50BF6D-3A6F-4D02-965E-783D06AB7550}.Release|Any CPU.Build.0 = Release|Any CPU
		{3B817B43-2AEF-43AB-ABEC-819BF45269E4}.Debug|Any CPU.ActiveCfg = Debug|Any CPU
		{3B817B43-2AEF-43AB-ABEC-819BF45269E4}.Debug|Any CPU.Build.0 = Debug|Any CPU
		{3B817B43-2AEF-43AB-ABEC-819BF45269E4}.Release|Any CPU.ActiveCfg = Release|Any CPU
		{3B817B43-2AEF-43AB-ABEC-819BF45269E4}.Release|Any CPU.Build.0 = Release|Any CPU
	EndGlobalSection
	GlobalSection(SolutionProperties) = preSolution
		HideSolutionNode = FALSE
	EndGlobalSection
	GlobalSection(ExtensibilityGlobals) = postSolution
		SolutionGuid = {FFE9CD36-C6DE-4F73-A7FF-F55BCE08DA6C}
	EndGlobalSection
EndGlobal
